// !$*UTF8*$!
{
	archiveVersion = 1;
	classes = {
	};
	objectVersion = 46;
	objects = {

/* Begin PBXBuildFile section */
		7338D5811F49ECA100407C5F /* steck.png in Resources */ = {isa = PBXBuildFile; fileRef = 7338D5801F49ECA100407C5F /* steck.png */; };
		7338D5831F49EE0100407C5F /* sausage.png in Resources */ = {isa = PBXBuildFile; fileRef = 7338D5821F49EE0100407C5F /* sausage.png */; };
		7338D5851F49F01D00407C5F /* party.png in Resources */ = {isa = PBXBuildFile; fileRef = 7338D5841F49F01D00407C5F /* party.png */; };
		734654851F48D79800072621 /* backgrou.png in Resources */ = {isa = PBXBuildFile; fileRef = 734654841F48D79800072621 /* backgrou.png */; };
		73B1A2A51F46F47000F71D88 /* AppDelegate.swift in Sources */ = {isa = PBXBuildFile; fileRef = 73B1A2A41F46F47000F71D88 /* AppDelegate.swift */; };
		73B1A2A71F46F47000F71D88 /* GameScene.sks in Resources */ = {isa = PBXBuildFile; fileRef = 73B1A2A61F46F47000F71D88 /* GameScene.sks */; };
		73B1A2A91F46F47000F71D88 /* Actions.sks in Resources */ = {isa = PBXBuildFile; fileRef = 73B1A2A81F46F47000F71D88 /* Actions.sks */; };
		73B1A2AB1F46F47000F71D88 /* GameScene.swift in Sources */ = {isa = PBXBuildFile; fileRef = 73B1A2AA1F46F47000F71D88 /* GameScene.swift */; };
		73B1A2AD1F46F47000F71D88 /* GameViewController.swift in Sources */ = {isa = PBXBuildFile; fileRef = 73B1A2AC1F46F47000F71D88 /* GameViewController.swift */; };
		73B1A2B01F46F47000F71D88 /* Main.storyboard in Resources */ = {isa = PBXBuildFile; fileRef = 73B1A2AE1F46F47000F71D88 /* Main.storyboard */; };
		73B1A2B21F46F47000F71D88 /* Assets.xcassets in Resources */ = {isa = PBXBuildFile; fileRef = 73B1A2B11F46F47000F71D88 /* Assets.xcassets */; };
		73B1A2B51F46F47000F71D88 /* LaunchScreen.storyboard in Resources */ = {isa = PBXBuildFile; fileRef = 73B1A2B31F46F47000F71D88 /* LaunchScreen.storyboard */; };
		73B1A2C01F46F47000F71D88 /* WhackANaknikTests.swift in Sources */ = {isa = PBXBuildFile; fileRef = 73B1A2BF1F46F47000F71D88 /* WhackANaknikTests.swift */; };
		73B1A2CB1F46F47000F71D88 /* WhackANaknikUITests.swift in Sources */ = {isa = PBXBuildFile; fileRef = 73B1A2CA1F46F47000F71D88 /* WhackANaknikUITests.swift */; };
		73B1A2E81F46F83400F71D88 /* Helper.swift in Sources */ = {isa = PBXBuildFile; fileRef = 73B1A2D81F46F83400F71D88 /* Helper.swift */; };
		73B1A2E91F46F83400F71D88 /* gameOver.png in Resources */ = {isa = PBXBuildFile; fileRef = 73B1A2DA1F46F83400F71D88 /* gameOver.png */; };
		73B1A2EA1F46F83400F71D88 /* gameOver@2x.png in Resources */ = {isa = PBXBuildFile; fileRef = 73B1A2DB1F46F83400F71D88 /* gameOver@2x.png */; };
		73B1A2ED1F46F83400F71D88 /* characterGood.png in Resources */ = {isa = PBXBuildFile; fileRef = 73B1A2DE1F46F83400F71D88 /* characterGood.png */; };
		73B1A2EF1F46F83400F71D88 /* whack.caf in Resources */ = {isa = PBXBuildFile; fileRef = 73B1A2E01F46F83400F71D88 /* whack.caf */; };
		73B1A2F21F46F83400F71D88 /* whackBad.caf in Resources */ = {isa = PBXBuildFile; fileRef = 73B1A2E31F46F83400F71D88 /* whackBad.caf */; };
		73B1A2F31F46F83400F71D88 /* whackHole.png in Resources */ = {isa = PBXBuildFile; fileRef = 73B1A2E41F46F83400F71D88 /* whackHole.png */; };
		73B1A2F41F46F83400F71D88 /* whackHole@2x.png in Resources */ = {isa = PBXBuildFile; fileRef = 73B1A2E51F46F83400F71D88 /* whackHole@2x.png */; };
		73B1A2F51F46F83400F71D88 /* whackMask.png in Resources */ = {isa = PBXBuildFile; fileRef = 73B1A2E61F46F83400F71D88 /* whackMask.png */; };
		73B1A2F61F46F83400F71D88 /* whackMask@2x.png in Resources */ = {isa = PBXBuildFile; fileRef = 73B1A2E71F46F83400F71D88 /* whackMask@2x.png */; };
		73B1A2F81F46FD5100F71D88 /* Tile.swift in Sources */ = {isa = PBXBuildFile; fileRef = 73B1A2F71F46FD5100F71D88 /* Tile.swift */; };
		73B1A2FC1F472A7F00F71D88 /* EndViewController.swift in Sources */ = {isa = PBXBuildFile; fileRef = 73B1A2FB1F472A7F00F71D88 /* EndViewController.swift */; };
		73B1A2FE1F472ABC00F71D88 /* MainMenuViewController.swift in Sources */ = {isa = PBXBuildFile; fileRef = 73B1A2FD1F472ABC00F71D88 /* MainMenuViewController.swift */; };
		73FFEBD31F4AEF8200E292A6 /* mainBackground.png in Resources */ = {isa = PBXBuildFile; fileRef = 73FFEBD21F4AEF8200E292A6 /* mainBackground.png */; };
		73FFEBDB1F4B03C800E292A6 /* endImage.png in Resources */ = {isa = PBXBuildFile; fileRef = 73FFEBDA1F4B03C800E292A6 /* endImage.png */; };
/* End PBXBuildFile section */

/* Begin PBXContainerItemProxy section */
		73B1A2BC1F46F47000F71D88 /* PBXContainerItemProxy */ = {
			isa = PBXContainerItemProxy;
			containerPortal = 73B1A2991F46F47000F71D88 /* Project object */;
			proxyType = 1;
			remoteGlobalIDString = 73B1A2A01F46F47000F71D88;
			remoteInfo = WhackANaknik;
		};
		73B1A2C71F46F47000F71D88 /* PBXContainerItemProxy */ = {
			isa = PBXContainerItemProxy;
			containerPortal = 73B1A2991F46F47000F71D88 /* Project object */;
			proxyType = 1;
			remoteGlobalIDString = 73B1A2A01F46F47000F71D88;
			remoteInfo = WhackANaknik;
		};
/* End PBXContainerItemProxy section */

/* Begin PBXFileReference section */
		7338D5801F49ECA100407C5F /* steck.png */ = {isa = PBXFileReference; lastKnownFileType = image.png; path = steck.png; sourceTree = "<group>"; };
		7338D5821F49EE0100407C5F /* sausage.png */ = {isa = PBXFileReference; lastKnownFileType = image.png; path = sausage.png; sourceTree = "<group>"; };
		7338D5841F49F01D00407C5F /* party.png */ = {isa = PBXFileReference; lastKnownFileType = image.png; path = party.png; sourceTree = "<group>"; };
		734654841F48D79800072621 /* backgrou.png */ = {isa = PBXFileReference; lastKnownFileType = image.png; path = backgrou.png; sourceTree = "<group>"; };
		73B1A2A11F46F47000F71D88 /* WhackANaknik.app */ = {isa = PBXFileReference; explicitFileType = wrapper.application; includeInIndex = 0; path = WhackANaknik.app; sourceTree = BUILT_PRODUCTS_DIR; };
		73B1A2A41F46F47000F71D88 /* AppDelegate.swift */ = {isa = PBXFileReference; lastKnownFileType = sourcecode.swift; path = AppDelegate.swift; sourceTree = "<group>"; };
		73B1A2A61F46F47000F71D88 /* GameScene.sks */ = {isa = PBXFileReference; lastKnownFileType = file.sks; path = GameScene.sks; sourceTree = "<group>"; };
		73B1A2A81F46F47000F71D88 /* Actions.sks */ = {isa = PBXFileReference; lastKnownFileType = file.sks; path = Actions.sks; sourceTree = "<group>"; };
		73B1A2AA1F46F47000F71D88 /* GameScene.swift */ = {isa = PBXFileReference; lastKnownFileType = sourcecode.swift; path = GameScene.swift; sourceTree = "<group>"; };
		73B1A2AC1F46F47000F71D88 /* GameViewController.swift */ = {isa = PBXFileReference; lastKnownFileType = sourcecode.swift; path = GameViewController.swift; sourceTree = "<group>"; };
		73B1A2AF1F46F47000F71D88 /* Base */ = {isa = PBXFileReference; lastKnownFileType = file.storyboard; name = Base; path = Base.lproj/Main.storyboard; sourceTree = "<group>"; };
		73B1A2B11F46F47000F71D88 /* Assets.xcassets */ = {isa = PBXFileReference; lastKnownFileType = folder.assetcatalog; path = Assets.xcassets; sourceTree = "<group>"; };
		73B1A2B41F46F47000F71D88 /* Base */ = {isa = PBXFileReference; lastKnownFileType = file.storyboard; name = Base; path = Base.lproj/LaunchScreen.storyboard; sourceTree = "<group>"; };
		73B1A2B61F46F47000F71D88 /* Info.plist */ = {isa = PBXFileReference; lastKnownFileType = text.plist.xml; path = Info.plist; sourceTree = "<group>"; };
		73B1A2BB1F46F47000F71D88 /* WhackANaknikTests.xctest */ = {isa = PBXFileReference; explicitFileType = wrapper.cfbundle; includeInIndex = 0; path = WhackANaknikTests.xctest; sourceTree = BUILT_PRODUCTS_DIR; };
		73B1A2BF1F46F47000F71D88 /* WhackANaknikTests.swift */ = {isa = PBXFileReference; lastKnownFileType = sourcecode.swift; path = WhackANaknikTests.swift; sourceTree = "<group>"; };
		73B1A2C11F46F47000F71D88 /* Info.plist */ = {isa = PBXFileReference; lastKnownFileType = text.plist.xml; path = Info.plist; sourceTree = "<group>"; };
		73B1A2C61F46F47000F71D88 /* WhackANaknikUITests.xctest */ = {isa = PBXFileReference; explicitFileType = wrapper.cfbundle; includeInIndex = 0; path = WhackANaknikUITests.xctest; sourceTree = BUILT_PRODUCTS_DIR; };
		73B1A2CA1F46F47000F71D88 /* WhackANaknikUITests.swift */ = {isa = PBXFileReference; lastKnownFileType = sourcecode.swift; path = WhackANaknikUITests.swift; sourceTree = "<group>"; };
		73B1A2CC1F46F47000F71D88 /* Info.plist */ = {isa = PBXFileReference; lastKnownFileType = text.plist.xml; path = Info.plist; sourceTree = "<group>"; };
		73B1A2D81F46F83400F71D88 /* Helper.swift */ = {isa = PBXFileReference; fileEncoding = 4; lastKnownFileType = sourcecode.swift; path = Helper.swift; sourceTree = "<group>"; };
		73B1A2DA1F46F83400F71D88 /* gameOver.png */ = {isa = PBXFileReference; lastKnownFileType = image.png; path = gameOver.png; sourceTree = "<group>"; };
		73B1A2DB1F46F83400F71D88 /* gameOver@2x.png */ = {isa = PBXFileReference; lastKnownFileType = image.png; path = "gameOver@2x.png"; sourceTree = "<group>"; };
		73B1A2DE1F46F83400F71D88 /* characterGood.png */ = {isa = PBXFileReference; lastKnownFileType = image.png; path = characterGood.png; sourceTree = "<group>"; };
		73B1A2E01F46F83400F71D88 /* whack.caf */ = {isa = PBXFileReference; lastKnownFileType = file; path = whack.caf; sourceTree = "<group>"; };
		73B1A2E31F46F83400F71D88 /* whackBad.caf */ = {isa = PBXFileReference; lastKnownFileType = file; path = whackBad.caf; sourceTree = "<group>"; };
		73B1A2E41F46F83400F71D88 /* whackHole.png */ = {isa = PBXFileReference; lastKnownFileType = image.png; path = whackHole.png; sourceTree = "<group>"; };
		73B1A2E51F46F83400F71D88 /* whackHole@2x.png */ = {isa = PBXFileReference; lastKnownFileType = image.png; path = "whackHole@2x.png"; sourceTree = "<group>"; };
		73B1A2E61F46F83400F71D88 /* whackMask.png */ = {isa = PBXFileReference; lastKnownFileType = image.png; path = whackMask.png; sourceTree = "<group>"; };
		73B1A2E71F46F83400F71D88 /* whackMask@2x.png */ = {isa = PBXFileReference; lastKnownFileType = image.png; path = "whackMask@2x.png"; sourceTree = "<group>"; };
		73B1A2F71F46FD5100F71D88 /* Tile.swift */ = {isa = PBXFileReference; fileEncoding = 4; lastKnownFileType = sourcecode.swift; path = Tile.swift; sourceTree = "<group>"; };
		73B1A2FB1F472A7F00F71D88 /* EndViewController.swift */ = {isa = PBXFileReference; fileEncoding = 4; lastKnownFileType = sourcecode.swift; path = EndViewController.swift; sourceTree = "<group>"; };
		73B1A2FD1F472ABC00F71D88 /* MainMenuViewController.swift */ = {isa = PBXFileReference; fileEncoding = 4; lastKnownFileType = sourcecode.swift; path = MainMenuViewController.swift; sourceTree = "<group>"; };
		73FFEBD21F4AEF8200E292A6 /* mainBackground.png */ = {isa = PBXFileReference; lastKnownFileType = image.png; path = mainBackground.png; sourceTree = "<group>"; };
		73FFEBD71F4AFB9100E292A6 /* whack.caf */ = {isa = PBXFileReference; lastKnownFileType = file; path = whack.caf; sourceTree = "<group>"; };
		73FFEBD91F4B028300E292A6 /* whackBad.caf */ = {isa = PBXFileReference; lastKnownFileType = file; path = whackBad.caf; sourceTree = "<group>"; };
		73FFEBDA1F4B03C800E292A6 /* endImage.png */ = {isa = PBXFileReference; lastKnownFileType = image.png; path = endImage.png; sourceTree = "<group>"; };
/* End PBXFileReference section */

/* Begin PBXFrameworksBuildPhase section */
		73B1A29E1F46F47000F71D88 /* Frameworks */ = {
			isa = PBXFrameworksBuildPhase;
			buildActionMask = 2147483647;
			files = (
			);
			runOnlyForDeploymentPostprocessing = 0;
		};
		73B1A2B81F46F47000F71D88 /* Frameworks */ = {
			isa = PBXFrameworksBuildPhase;
			buildActionMask = 2147483647;
			files = (
			);
			runOnlyForDeploymentPostprocessing = 0;
		};
		73B1A2C31F46F47000F71D88 /* Frameworks */ = {
			isa = PBXFrameworksBuildPhase;
			buildActionMask = 2147483647;
			files = (
			);
			runOnlyForDeploymentPostprocessing = 0;
		};
/* End PBXFrameworksBuildPhase section */

/* Begin PBXGroup section */
		73B1A2981F46F47000F71D88 = {
			isa = PBXGroup;
			children = (
				73B1A2A31F46F47000F71D88 /* WhackANaknik */,
				73B1A2BE1F46F47000F71D88 /* WhackANaknikTests */,
				73B1A2C91F46F47000F71D88 /* WhackANaknikUITests */,
				73B1A2A21F46F47000F71D88 /* Products */,
			);
			sourceTree = "<group>";
		};
		73B1A2A21F46F47000F71D88 /* Products */ = {
			isa = PBXGroup;
			children = (
				73B1A2A11F46F47000F71D88 /* WhackANaknik.app */,
				73B1A2BB1F46F47000F71D88 /* WhackANaknikTests.xctest */,
				73B1A2C61F46F47000F71D88 /* WhackANaknikUITests.xctest */,
			);
			name = Products;
			sourceTree = "<group>";
		};
		73B1A2A31F46F47000F71D88 /* WhackANaknik */ = {
			isa = PBXGroup;
			children = (
				73B1A2A41F46F47000F71D88 /* AppDelegate.swift */,
				73B1A2A61F46F47000F71D88 /* GameScene.sks */,
				73B1A2A81F46F47000F71D88 /* Actions.sks */,
				73B1A2AA1F46F47000F71D88 /* GameScene.swift */,
				73B1A2AC1F46F47000F71D88 /* GameViewController.swift */,
				73B1A2D81F46F83400F71D88 /* Helper.swift */,
				73B1A2D91F46F83400F71D88 /* Content */,
				73B1A2AE1F46F47000F71D88 /* Main.storyboard */,
				73B1A2B11F46F47000F71D88 /* Assets.xcassets */,
				73B1A2B31F46F47000F71D88 /* LaunchScreen.storyboard */,
				73B1A2B61F46F47000F71D88 /* Info.plist */,
				73B1A2F71F46FD5100F71D88 /* Tile.swift */,
				73B1A2FB1F472A7F00F71D88 /* EndViewController.swift */,
				73B1A2FD1F472ABC00F71D88 /* MainMenuViewController.swift */,
			);
			path = WhackANaknik;
			sourceTree = "<group>";
		};
		73B1A2BE1F46F47000F71D88 /* WhackANaknikTests */ = {
			isa = PBXGroup;
			children = (
				73B1A2BF1F46F47000F71D88 /* WhackANaknikTests.swift */,
				73B1A2C11F46F47000F71D88 /* Info.plist */,
			);
			path = WhackANaknikTests;
			sourceTree = "<group>";
		};
		73B1A2C91F46F47000F71D88 /* WhackANaknikUITests */ = {
			isa = PBXGroup;
			children = (
				73B1A2CA1F46F47000F71D88 /* WhackANaknikUITests.swift */,
				73B1A2CC1F46F47000F71D88 /* Info.plist */,
			);
			path = WhackANaknikUITests;
			sourceTree = "<group>";
		};
		73B1A2D91F46F83400F71D88 /* Content */ = {
			isa = PBXGroup;
			children = (
				73B1A2DA1F46F83400F71D88 /* gameOver.png */,
				7338D5801F49ECA100407C5F /* steck.png */,
				73B1A2DB1F46F83400F71D88 /* gameOver@2x.png */,
				73FFEBDA1F4B03C800E292A6 /* endImage.png */,
				73FFEBD91F4B028300E292A6 /* whackBad.caf */,
				7338D5841F49F01D00407C5F /* party.png */,
				7338D5821F49EE0100407C5F /* sausage.png */,
				73B1A2DE1F46F83400F71D88 /* characterGood.png */,
				73FFEBD71F4AFB9100E292A6 /* whack.caf */,
				73FFEBD21F4AEF8200E292A6 /* mainBackground.png */,
				734654841F48D79800072621 /* backgrou.png */,
				73B1A2E01F46F83400F71D88 /* whack.caf */,
				73B1A2E31F46F83400F71D88 /* whackBad.caf */,
				73B1A2E41F46F83400F71D88 /* whackHole.png */,
				73B1A2E51F46F83400F71D88 /* whackHole@2x.png */,
				73B1A2E61F46F83400F71D88 /* whackMask.png */,
				73B1A2E71F46F83400F71D88 /* whackMask@2x.png */,
			);
			path = Content;
			sourceTree = "<group>";
		};
/* End PBXGroup section */

/* Begin PBXNativeTarget section */
		73B1A2A01F46F47000F71D88 /* WhackANaknik */ = {
			isa = PBXNativeTarget;
			buildConfigurationList = 73B1A2CF1F46F47000F71D88 /* Build configuration list for PBXNativeTarget "WhackANaknik" */;
			buildPhases = (
				73B1A29D1F46F47000F71D88 /* Sources */,
				73B1A29E1F46F47000F71D88 /* Frameworks */,
				73B1A29F1F46F47000F71D88 /* Resources */,
			);
			buildRules = (
			);
			dependencies = (
			);
			name = WhackANaknik;
			productName = WhackANaknik;
			productReference = 73B1A2A11F46F47000F71D88 /* WhackANaknik.app */;
			productType = "com.apple.product-type.application";
		};
		73B1A2BA1F46F47000F71D88 /* WhackANaknikTests */ = {
			isa = PBXNativeTarget;
			buildConfigurationList = 73B1A2D21F46F47000F71D88 /* Build configuration list for PBXNativeTarget "WhackANaknikTests" */;
			buildPhases = (
				73B1A2B71F46F47000F71D88 /* Sources */,
				73B1A2B81F46F47000F71D88 /* Frameworks */,
				73B1A2B91F46F47000F71D88 /* Resources */,
			);
			buildRules = (
			);
			dependencies = (
				73B1A2BD1F46F47000F71D88 /* PBXTargetDependency */,
			);
			name = WhackANaknikTests;
			productName = WhackANaknikTests;
			productReference = 73B1A2BB1F46F47000F71D88 /* WhackANaknikTests.xctest */;
			productType = "com.apple.product-type.bundle.unit-test";
		};
		73B1A2C51F46F47000F71D88 /* WhackANaknikUITests */ = {
			isa = PBXNativeTarget;
			buildConfigurationList = 73B1A2D51F46F47000F71D88 /* Build configuration list for PBXNativeTarget "WhackANaknikUITests" */;
			buildPhases = (
				73B1A2C21F46F47000F71D88 /* Sources */,
				73B1A2C31F46F47000F71D88 /* Frameworks */,
				73B1A2C41F46F47000F71D88 /* Resources */,
			);
			buildRules = (
			);
			dependencies = (
				73B1A2C81F46F47000F71D88 /* PBXTargetDependency */,
			);
			name = WhackANaknikUITests;
			productName = WhackANaknikUITests;
			productReference = 73B1A2C61F46F47000F71D88 /* WhackANaknikUITests.xctest */;
			productType = "com.apple.product-type.bundle.ui-testing";
		};
/* End PBXNativeTarget section */

/* Begin PBXProject section */
		73B1A2991F46F47000F71D88 /* Project object */ = {
			isa = PBXProject;
			attributes = {
				LastSwiftUpdateCheck = 0830;
				LastUpgradeCheck = 0830;
				ORGANIZATIONNAME = "naknik inc";
				TargetAttributes = {
					73B1A2A01F46F47000F71D88 = {
						CreatedOnToolsVersion = 8.3.3;
						ProvisioningStyle = Automatic;
					};
					73B1A2BA1F46F47000F71D88 = {
						CreatedOnToolsVersion = 8.3.3;
						ProvisioningStyle = Automatic;
						TestTargetID = 73B1A2A01F46F47000F71D88;
					};
					73B1A2C51F46F47000F71D88 = {
						CreatedOnToolsVersion = 8.3.3;
						ProvisioningStyle = Automatic;
						TestTargetID = 73B1A2A01F46F47000F71D88;
					};
				};
			};
			buildConfigurationList = 73B1A29C1F46F47000F71D88 /* Build configuration list for PBXProject "WhackANaknik" */;
			compatibilityVersion = "Xcode 3.2";
			developmentRegion = English;
			hasScannedForEncodings = 0;
			knownRegions = (
				en,
				Base,
			);
			mainGroup = 73B1A2981F46F47000F71D88;
			productRefGroup = 73B1A2A21F46F47000F71D88 /* Products */;
			projectDirPath = "";
			projectRoot = "";
			targets = (
				73B1A2A01F46F47000F71D88 /* WhackANaknik */,
				73B1A2BA1F46F47000F71D88 /* WhackANaknikTests */,
				73B1A2C51F46F47000F71D88 /* WhackANaknikUITests */,
			);
		};
/* End PBXProject section */

/* Begin PBXResourcesBuildPhase section */
		73B1A29F1F46F47000F71D88 /* Resources */ = {
			isa = PBXResourcesBuildPhase;
			buildActionMask = 2147483647;
			files = (
				73B1A2ED1F46F83400F71D88 /* characterGood.png in Resources */,
				7338D5851F49F01D00407C5F /* party.png in Resources */,
				73B1A2F61F46F83400F71D88 /* whackMask@2x.png in Resources */,
				7338D5831F49EE0100407C5F /* sausage.png in Resources */,
				734654851F48D79800072621 /* backgrou.png in Resources */,
				73B1A2B01F46F47000F71D88 /* Main.storyboard in Resources */,
				73B1A2F21F46F83400F71D88 /* whackBad.caf in Resources */,
				73B1A2F31F46F83400F71D88 /* whackHole.png in Resources */,
				7338D5811F49ECA100407C5F /* steck.png in Resources */,
				73B1A2F51F46F83400F71D88 /* whackMask.png in Resources */,
				73B1A2A71F46F47000F71D88 /* GameScene.sks in Resources */,
				73B1A2B21F46F47000F71D88 /* Assets.xcassets in Resources */,
				73B1A2B51F46F47000F71D88 /* LaunchScreen.storyboard in Resources */,
				73FFEBD31F4AEF8200E292A6 /* mainBackground.png in Resources */,
				73B1A2A91F46F47000F71D88 /* Actions.sks in Resources */,
				73B1A2F41F46F83400F71D88 /* whackHole@2x.png in Resources */,
				73B1A2EA1F46F83400F71D88 /* gameOver@2x.png in Resources */,
				73FFEBDB1F4B03C800E292A6 /* endImage.png in Resources */,
				73B1A2E91F46F83400F71D88 /* gameOver.png in Resources */,
				73B1A2EF1F46F83400F71D88 /* whack.caf in Resources */,
			);
			runOnlyForDeploymentPostprocessing = 0;
		};
		73B1A2B91F46F47000F71D88 /* Resources */ = {
			isa = PBXResourcesBuildPhase;
			buildActionMask = 2147483647;
			files = (
			);
			runOnlyForDeploymentPostprocessing = 0;
		};
		73B1A2C41F46F47000F71D88 /* Resources */ = {
			isa = PBXResourcesBuildPhase;
			buildActionMask = 2147483647;
			files = (
			);
			runOnlyForDeploymentPostprocessing = 0;
		};
/* End PBXResourcesBuildPhase section */

/* Begin PBXSourcesBuildPhase section */
		73B1A29D1F46F47000F71D88 /* Sources */ = {
			isa = PBXSourcesBuildPhase;
			buildActionMask = 2147483647;
			files = (
				73B1A2FC1F472A7F00F71D88 /* EndViewController.swift in Sources */,
				73B1A2AB1F46F47000F71D88 /* GameScene.swift in Sources */,
				73B1A2AD1F46F47000F71D88 /* GameViewController.swift in Sources */,
				73B1A2F81F46FD5100F71D88 /* Tile.swift in Sources */,
				73B1A2FE1F472ABC00F71D88 /* MainMenuViewController.swift in Sources */,
				73B1A2A51F46F47000F71D88 /* AppDelegate.swift in Sources */,
				73B1A2E81F46F83400F71D88 /* Helper.swift in Sources */,
			);
			runOnlyForDeploymentPostprocessing = 0;
		};
		73B1A2B71F46F47000F71D88 /* Sources */ = {
			isa = PBXSourcesBuildPhase;
			buildActionMask = 2147483647;
			files = (
				73B1A2C01F46F47000F71D88 /* WhackANaknikTests.swift in Sources */,
			);
			runOnlyForDeploymentPostprocessing = 0;
		};
		73B1A2C21F46F47000F71D88 /* Sources */ = {
			isa = PBXSourcesBuildPhase;
			buildActionMask = 2147483647;
			files = (
				73B1A2CB1F46F47000F71D88 /* WhackANaknikUITests.swift in Sources */,
			);
			runOnlyForDeploymentPostprocessing = 0;
		};
/* End PBXSourcesBuildPhase section */

/* Begin PBXTargetDependency section */
		73B1A2BD1F46F47000F71D88 /* PBXTargetDependency */ = {
			isa = PBXTargetDependency;
			target = 73B1A2A01F46F47000F71D88 /* WhackANaknik */;
			targetProxy = 73B1A2BC1F46F47000F71D88 /* PBXContainerItemProxy */;
		};
		73B1A2C81F46F47000F71D88 /* PBXTargetDependency */ = {
			isa = PBXTargetDependency;
			target = 73B1A2A01F46F47000F71D88 /* WhackANaknik */;
			targetProxy = 73B1A2C71F46F47000F71D88 /* PBXContainerItemProxy */;
		};
/* End PBXTargetDependency section */

/* Begin PBXVariantGroup section */
		73B1A2AE1F46F47000F71D88 /* Main.storyboard */ = {
			isa = PBXVariantGroup;
			children = (
				73B1A2AF1F46F47000F71D88 /* Base */,
			);
			name = Main.storyboard;
			sourceTree = "<group>";
		};
		73B1A2B31F46F47000F71D88 /* LaunchScreen.storyboard */ = {
			isa = PBXVariantGroup;
			children = (
				73B1A2B41F46F47000F71D88 /* Base */,
			);
			name = LaunchScreen.storyboard;
			sourceTree = "<group>";
		};
/* End PBXVariantGroup section */

/* Begin XCBuildConfiguration section */
		73B1A2CD1F46F47000F71D88 /* Debug */ = {
			isa = XCBuildConfiguration;
			buildSettings = {
				ALWAYS_SEARCH_USER_PATHS = NO;
				CLANG_ANALYZER_NONNULL = YES;
				CLANG_ANALYZER_NUMBER_OBJECT_CONVERSION = YES_AGGRESSIVE;
				CLANG_CXX_LANGUAGE_STANDARD = "gnu++0x";
				CLANG_CXX_LIBRARY = "libc++";
				CLANG_ENABLE_MODULES = YES;
				CLANG_ENABLE_OBJC_ARC = YES;
				CLANG_WARN_BOOL_CONVERSION = YES;
				CLANG_WARN_CONSTANT_CONVERSION = YES;
				CLANG_WARN_DIRECT_OBJC_ISA_USAGE = YES_ERROR;
				CLANG_WARN_DOCUMENTATION_COMMENTS = YES;
				CLANG_WARN_EMPTY_BODY = YES;
				CLANG_WARN_ENUM_CONVERSION = YES;
				CLANG_WARN_INFINITE_RECURSION = YES;
				CLANG_WARN_INT_CONVERSION = YES;
				CLANG_WARN_OBJC_ROOT_CLASS = YES_ERROR;
				CLANG_WARN_SUSPICIOUS_MOVE = YES;
				CLANG_WARN_UNREACHABLE_CODE = YES;
				CLANG_WARN__DUPLICATE_METHOD_MATCH = YES;
				"CODE_SIGN_IDENTITY[sdk=iphoneos*]" = "iPhone Developer";
				COPY_PHASE_STRIP = NO;
				DEBUG_INFORMATION_FORMAT = dwarf;
				ENABLE_STRICT_OBJC_MSGSEND = YES;
				ENABLE_TESTABILITY = YES;
				GCC_C_LANGUAGE_STANDARD = gnu99;
				GCC_DYNAMIC_NO_PIC = NO;
				GCC_NO_COMMON_BLOCKS = YES;
				GCC_OPTIMIZATION_LEVEL = 0;
				GCC_PREPROCESSOR_DEFINITIONS = (
					"DEBUG=1",
					"$(inherited)",
				);
				GCC_WARN_64_TO_32_BIT_CONVERSION = YES;
				GCC_WARN_ABOUT_RETURN_TYPE = YES_ERROR;
				GCC_WARN_UNDECLARED_SELECTOR = YES;
				GCC_WARN_UNINITIALIZED_AUTOS = YES_AGGRESSIVE;
				GCC_WARN_UNUSED_FUNCTION = YES;
				GCC_WARN_UNUSED_VARIABLE = YES;
				IPHONEOS_DEPLOYMENT_TARGET = 10.3;
				MTL_ENABLE_DEBUG_INFO = YES;
				ONLY_ACTIVE_ARCH = YES;
				SDKROOT = iphoneos;
				SWIFT_ACTIVE_COMPILATION_CONDITIONS = DEBUG;
				SWIFT_OPTIMIZATION_LEVEL = "-Onone";
				TARGETED_DEVICE_FAMILY = "1,2";
			};
			name = Debug;
		};
		73B1A2CE1F46F47000F71D88 /* Release */ = {
			isa = XCBuildConfiguration;
			buildSettings = {
				ALWAYS_SEARCH_USER_PATHS = NO;
				CLANG_ANALYZER_NONNULL = YES;
				CLANG_ANALYZER_NUMBER_OBJECT_CONVERSION = YES_AGGRESSIVE;
				CLANG_CXX_LANGUAGE_STANDARD = "gnu++0x";
				CLANG_CXX_LIBRARY = "libc++";
				CLANG_ENABLE_MODULES = YES;
				CLANG_ENABLE_OBJC_ARC = YES;
				CLANG_WARN_BOOL_CONVERSION = YES;
				CLANG_WARN_CONSTANT_CONVERSION = YES;
				CLANG_WARN_DIRECT_OBJC_ISA_USAGE = YES_ERROR;
				CLANG_WARN_DOCUMENTATION_COMMENTS = YES;
				CLANG_WARN_EMPTY_BODY = YES;
				CLANG_WARN_ENUM_CONVERSION = YES;
				CLANG_WARN_INFINITE_RECURSION = YES;
				CLANG_WARN_INT_CONVERSION = YES;
				CLANG_WARN_OBJC_ROOT_CLASS = YES_ERROR;
				CLANG_WARN_SUSPICIOUS_MOVE = YES;
				CLANG_WARN_UNREACHABLE_CODE = YES;
				CLANG_WARN__DUPLICATE_METHOD_MATCH = YES;
				"CODE_SIGN_IDENTITY[sdk=iphoneos*]" = "iPhone Developer";
				COPY_PHASE_STRIP = NO;
				DEBUG_INFORMATION_FORMAT = "dwarf-with-dsym";
				ENABLE_NS_ASSERTIONS = NO;
				ENABLE_STRICT_OBJC_MSGSEND = YES;
				GCC_C_LANGUAGE_STANDARD = gnu99;
				GCC_NO_COMMON_BLOCKS = YES;
				GCC_WARN_64_TO_32_BIT_CONVERSION = YES;
				GCC_WARN_ABOUT_RETURN_TYPE = YES_ERROR;
				GCC_WARN_UNDECLARED_SELECTOR = YES;
				GCC_WARN_UNINITIALIZED_AUTOS = YES_AGGRESSIVE;
				GCC_WARN_UNUSED_FUNCTION = YES;
				GCC_WARN_UNUSED_VARIABLE = YES;
				IPHONEOS_DEPLOYMENT_TARGET = 10.3;
				MTL_ENABLE_DEBUG_INFO = NO;
				SDKROOT = iphoneos;
				SWIFT_OPTIMIZATION_LEVEL = "-Owholemodule";
				TARGETED_DEVICE_FAMILY = "1,2";
				VALIDATE_PRODUCT = YES;
			};
			name = Release;
		};
		73B1A2D01F46F47000F71D88 /* Debug */ = {
			isa = XCBuildConfiguration;
			buildSettings = {
				ASSETCATALOG_COMPILER_APPICON_NAME = AppIcon;
				INFOPLIST_FILE = WhackANaknik/Info.plist;
				LD_RUNPATH_SEARCH_PATHS = "$(inherited) @executable_path/Frameworks";
				PRODUCT_BUNDLE_IDENTIFIER = naknikim.WhackANaknik;
				PRODUCT_NAME = "$(TARGET_NAME)";
				SWIFT_VERSION = 3.0;
			};
			name = Debug;
		};
		73B1A2D11F46F47000F71D88 /* Release */ = {
			isa = XCBuildConfiguration;
			buildSettings = {
				ASSETCATALOG_COMPILER_APPICON_NAME = AppIcon;
				INFOPLIST_FILE = WhackANaknik/Info.plist;
				LD_RUNPATH_SEARCH_PATHS = "$(inherited) @executable_path/Frameworks";
				PRODUCT_BUNDLE_IDENTIFIER = naknikim.WhackANaknik;
				PRODUCT_NAME = "$(TARGET_NAME)";
				SWIFT_VERSION = 3.0;
			};
			name = Release;
		};
		73B1A2D31F46F47000F71D88 /* Debug */ = {
			isa = XCBuildConfiguration;
			buildSettings = {
				ALWAYS_EMBED_SWIFT_STANDARD_LIBRARIES = YES;
				BUNDLE_LOADER = "$(TEST_HOST)";
				INFOPLIST_FILE = WhackANaknikTests/Info.plist;
				LD_RUNPATH_SEARCH_PATHS = "$(inherited) @executable_path/Frameworks @loader_path/Frameworks";
				PRODUCT_BUNDLE_IDENTIFIER = naknikim.WhackANaknikTests;
				PRODUCT_NAME = "$(TARGET_NAME)";
				SWIFT_VERSION = 3.0;
				TEST_HOST = "$(BUILT_PRODUCTS_DIR)/WhackANaknik.app/WhackANaknik";
			};
			name = Debug;
		};
		73B1A2D41F46F47000F71D88 /* Release */ = {
			isa = XCBuildConfiguration;
			buildSettings = {
				ALWAYS_EMBED_SWIFT_STANDARD_LIBRARIES = YES;
				BUNDLE_LOADER = "$(TEST_HOST)";
				INFOPLIST_FILE = WhackANaknikTests/Info.plist;
				LD_RUNPATH_SEARCH_PATHS = "$(inherited) @executable_path/Frameworks @loader_path/Frameworks";
				PRODUCT_BUNDLE_IDENTIFIER = naknikim.WhackANaknikTests;
				PRODUCT_NAME = "$(TARGET_NAME)";
				SWIFT_VERSION = 3.0;
				TEST_HOST = "$(BUILT_PRODUCTS_DIR)/WhackANaknik.app/WhackANaknik";
			};
			name = Release;
		};
		73B1A2D61F46F47000F71D88 /* Debug */ = {
			isa = XCBuildConfiguration;
			buildSettings = {
				ALWAYS_EMBED_SWIFT_STANDARD_LIBRARIES = YES;
				INFOPLIST_FILE = WhackANaknikUITests/Info.plist;
				LD_RUNPATH_SEARCH_PATHS = "$(inherited) @executable_path/Frameworks @loader_path/Frameworks";
				PRODUCT_BUNDLE_IDENTIFIER = naknikim.WhackANaknikUITests;
				PRODUCT_NAME = "$(TARGET_NAME)";
				SWIFT_VERSION = 3.0;
				TEST_TARGET_NAME = WhackANaknik;
			};
			name = Debug;
		};
		73B1A2D71F46F47000F71D88 /* Release */ = {
			isa = XCBuildConfiguration;
			buildSettings = {
				ALWAYS_EMBED_SWIFT_STANDARD_LIBRARIES = YES;
				INFOPLIST_FILE = WhackANaknikUITests/Info.plist;
				LD_RUNPATH_SEARCH_PATHS = "$(inherited) @executable_path/Frameworks @loader_path/Frameworks";
				PRODUCT_BUNDLE_IDENTIFIER = naknikim.WhackANaknikUITests;
				PRODUCT_NAME = "$(TARGET_NAME)";
				SWIFT_VERSION = 3.0;
				TEST_TARGET_NAME = WhackANaknik;
			};
			name = Release;
		};
/* End XCBuildConfiguration section */

/* Begin XCConfigurationList section */
		73B1A29C1F46F47000F71D88 /* Build configuration list for PBXProject "WhackANaknik" */ = {
			isa = XCConfigurationList;
			buildConfigurations = (
				73B1A2CD1F46F47000F71D88 /* Debug */,
				73B1A2CE1F46F47000F71D88 /* Release */,
			);
			defaultConfigurationIsVisible = 0;
			defaultConfigurationName = Release;
		};
		73B1A2CF1F46F47000F71D88 /* Build configuration list for PBXNativeTarget "WhackANaknik" */ = {
			isa = XCConfigurationList;
			buildConfigurations = (
				73B1A2D01F46F47000F71D88 /* Debug */,
				73B1A2D11F46F47000F71D88 /* Release */,
			);
			defaultConfigurationIsVisible = 0;
			defaultConfigurationName = Release;
		};
		73B1A2D21F46F47000F71D88 /* Build configuration list for PBXNativeTarget "WhackANaknikTests" */ = {
			isa = XCConfigurationList;
			buildConfigurations = (
				73B1A2D31F46F47000F71D88 /* Debug */,
				73B1A2D41F46F47000F71D88 /* Release */,
			);
			defaultConfigurationIsVisible = 0;
			defaultConfigurationName = Release;
		};
		73B1A2D51F46F47000F71D88 /* Build configuration list for PBXNativeTarget "WhackANaknikUITests" */ = {
			isa = XCConfigurationList;
			buildConfigurations = (
				73B1A2D61F46F47000F71D88 /* Debug */,
				73B1A2D71F46F47000F71D88 /* Release */,
			);
			defaultConfigurationIsVisible = 0;
			defaultConfigurationName = Release;
		};
/* End XCConfigurationList section */
	};
	rootObject = 73B1A2991F46F47000F71D88 /* Project object */;
}
